
Microsoft Visual Studio Solution File, Format Version 12.00
# Visual Studio 15
VisualStudioVersion = 15.0.26430.12
MinimumVisualStudioVersion = 10.0.40219.1
Project("{FAE04EC0-301F-11D3-BF4B-00C04F79EFBC}") = "01.CharityMarathon", "01.CharityMarathon\01.CharityMarathon.csproj", "{AEDA98AB-4742-4161-AC80-5BF641929193}"
EndProject
Project("{FAE04EC0-301F-11D3-BF4B-00C04F79EFBC}") = "02.Ladybugs", "02.Ladybugs\02.Ladybugs.csproj", "{0B4B1BD5-4CCD-4B20-B2FC-9F488401D6E8}"
EndProject
Project("{FAE04EC0-301F-11D3-BF4B-00C04F79EFBC}") = "02.LadyBugs_2", "02.LadyBugs_2\02.LadyBugs_2.csproj", "{0BBE41BB-E08B-4C6B-A47F-7F5237F966A6}"
EndProject
Project("{FAE04EC0-301F-11D3-BF4B-00C04F79EFBC}") = "03.NetherRealms", "03.NetherRealms\03.NetherRealms.csproj", "{CC617653-E78F-4A77-AFC8-9D0442E83016}"
EndProject
Project("{FAE04EC0-301F-11D3-BF4B-00C04F79EFBC}") = "04.RoliTheCoder", "04.RoliTheCoder\04.RoliTheCoder.csproj", "{AC538977-C91B-43A6-8B09-CDF76CCDA749}"
EndProject
Global
	GlobalSection(SolutionConfigurationPlatforms) = preSolution
		Debug|Any CPU = Debug|Any CPU
		Release|Any CPU = Release|Any CPU
	EndGlobalSection
	GlobalSection(ProjectConfigurationPlatforms) = postSolution
		{AEDA98AB-4742-4161-AC80-5BF641929193}.Debug|Any CPU.ActiveCfg = Debug|Any CPU
		{AEDA98AB-4742-4161-AC80-5BF641929193}.Debug|Any CPU.Build.0 = Debug|Any CPU
		{AEDA98AB-4742-4161-AC80-5BF641929193}.Release|Any CPU.ActiveCfg = Release|Any CPU
		{AEDA98AB-4742-4161-AC80-5BF641929193}.Release|Any CPU.Build.0 = Release|Any CPU
		{0B4B1BD5-4CCD-4B20-B2FC-9F488401D6E8}.Debug|Any CPU.ActiveCfg = Debug|Any CPU
		{0B4B1BD5-4CCD-4B20-B2FC-9F488401D6E8}.Debug|Any CPU.Build.0 = Debug|Any CPU
		{0B4B1BD5-4CCD-4B20-B2FC-9F488401D6E8}.Release|Any CPU.ActiveCfg = Release|Any CPU
		{0B4B1BD5-4CCD-4B20-B2FC-9F488401D6E8}.Release|Any CPU.Build.0 = Release|Any CPU
		{0BBE41BB-E08B-4C6B-A47F-7F5237F966A6}.Debug|Any CPU.ActiveCfg = Debug|Any CPU
		{0BBE41BB-E08B-4C6B-A47F-7F5237F966A6}.Debug|Any CPU.Build.0 = Debug|Any CPU
		{0BBE41BB-E08B-4C6B-A47F-7F5237F966A6}.Release|Any CPU.ActiveCfg = Release|Any CPU
		{0BBE41BB-E08B-4C6B-A47F-7F5237F966A6}.Release|Any CPU.Build.0 = Release|Any CPU
		{CC617653-E78F-4A77-AFC8-9D0442E83016}.Debug|Any CPU.ActiveCfg = Debug|Any CPU
		{CC617653-E78F-4A77-AFC8-9D0442E83016}.Debug|Any CPU.Build.0 = Debug|Any CPU
		{CC617653-E78F-4A77-AFC8-9D0442E83016}.Release|Any CPU.ActiveCfg = Release|Any CPU
		{CC617653-E78F-4A77-AFC8-9D0442E83016}.Release|Any CPU.Build.0 = Release|Any CPU
		{AC538977-C91B-43A6-8B09-CDF76CCDA749}.Debug|Any CPU.ActiveCfg = Debug|Any CPU
		{AC538977-C91B-43A6-8B09-CDF76CCDA749}.Debug|Any CPU.Build.0 = Debug|Any CPU
		{AC538977-C91B-43A6-8B09-CDF76CCDA749}.Release|Any CPU.ActiveCfg = Release|Any CPU
		{AC538977-C91B-43A6-8B09-CDF76CCDA749}.Release|Any CPU.Build.0 = Release|Any CPU
	EndGlobalSection
	GlobalSection(SolutionProperties) = preSolution
		HideSolutionNode = FALSE
	EndGlobalSection
EndGlobal
